// !$*UTF8*$!
{
	archiveVersion = 1;
	classes = {
	};
	objectVersion = 46;
	objects = {

/* Begin PBXBuildFile section */
		140CECA41E7FD18A00422EA8 /* NativeTableViewController.m in Sources */ = {isa = PBXBuildFile; fileRef = 140CECA31E7FD18A00422EA8 /* NativeTableViewController.m */; };
		140CECA71E7FD20C00422EA8 /* UIControlViewController.m in Sources */ = {isa = PBXBuildFile; fileRef = 140CECA61E7FD20C00422EA8 /* UIControlViewController.m */; };
		140CECAD1E7FD37300422EA8 /* UITableViewViewController.m in Sources */ = {isa = PBXBuildFile; fileRef = 140CECAC1E7FD37300422EA8 /* UITableViewViewController.m */; };
		140CECB31E7FD6B100422EA8 /* WebTableViewController.m in Sources */ = {isa = PBXBuildFile; fileRef = 140CECB21E7FD6B100422EA8 /* WebTableViewController.m */; };
		140CECB61E7FD6DB00422EA8 /* UIWebViewViewController.m in Sources */ = {isa = PBXBuildFile; fileRef = 140CECB51E7FD6DB00422EA8 /* UIWebViewViewController.m */; };
		140CECB91E7FD6E600422EA8 /* WKWebViewViewController.m in Sources */ = {isa = PBXBuildFile; fileRef = 140CECB81E7FD6E600422EA8 /* WKWebViewViewController.m */; };
		141AC79B1E1366DB008D67F6 /* main.m in Sources */ = {isa = PBXBuildFile; fileRef = 141AC79A1E1366DB008D67F6 /* main.m */; };
		141AC79E1E1366DB008D67F6 /* AppDelegate.m in Sources */ = {isa = PBXBuildFile; fileRef = 141AC79D1E1366DB008D67F6 /* AppDelegate.m */; };
		141AC7A41E1366DB008D67F6 /* Main.storyboard in Resources */ = {isa = PBXBuildFile; fileRef = 141AC7A21E1366DB008D67F6 /* Main.storyboard */; };
		141AC7A61E1366DB008D67F6 /* Assets.xcassets in Resources */ = {isa = PBXBuildFile; fileRef = 141AC7A51E1366DB008D67F6 /* Assets.xcassets */; };
		141AC7A91E1366DB008D67F6 /* LaunchScreen.storyboard in Resources */ = {isa = PBXBuildFile; fileRef = 141AC7A71E1366DB008D67F6 /* LaunchScreen.storyboard */; };
		14282F1E1E1F381C00B3E4FA /* SugoDemoTests.m in Sources */ = {isa = PBXBuildFile; fileRef = 14282F1D1E1F381C00B3E4FA /* SugoDemoTests.m */; };
		142D75621E7BCE3B00DB2E00 /* Deprecated.storyboard in Resources */ = {isa = PBXBuildFile; fileRef = 142D75611E7BCE3B00DB2E00 /* Deprecated.storyboard */; };
		14776B641E8616F50034ECB7 /* UITextViewViewController.m in Sources */ = {isa = PBXBuildFile; fileRef = 14776B631E8616F50034ECB7 /* UITextViewViewController.m */; };
		14BA1A831E13EC18002F0C4B /* TrackingViewController.m in Sources */ = {isa = PBXBuildFile; fileRef = 14BA1A821E13EC18002F0C4B /* TrackingViewController.m */; };
		14BA1A861E13EC58002F0C4B /* UtilityViewController.m in Sources */ = {isa = PBXBuildFile; fileRef = 14BA1A851E13EC58002F0C4B /* UtilityViewController.m */; };
		14BA1A891E13EC7D002F0C4B /* CodelessCommonViewController.m in Sources */ = {isa = PBXBuildFile; fileRef = 14BA1A881E13EC7D002F0C4B /* CodelessCommonViewController.m */; };
		14BA1A8C1E13EC9B002F0C4B /* UIWebViewController.m in Sources */ = {isa = PBXBuildFile; fileRef = 14BA1A8B1E13EC9B002F0C4B /* UIWebViewController.m */; };
		14BA1A8F1E13ECAB002F0C4B /* WKWebViewController.m in Sources */ = {isa = PBXBuildFile; fileRef = 14BA1A8E1E13ECAB002F0C4B /* WKWebViewController.m */; };
		14BA1A921E13ECD7002F0C4B /* ActionCompleteViewController.m in Sources */ = {isa = PBXBuildFile; fileRef = 14BA1A911E13ECD7002F0C4B /* ActionCompleteViewController.m */; };
		14BACBE21E80D6200048D781 /* SwitchModeViewController.m in Sources */ = {isa = PBXBuildFile; fileRef = 14BACBE11E80D6200048D781 /* SwitchModeViewController.m */; };
		14D3A06D1E7F6B4A00DDE9EA /* ScanViewController.m in Sources */ = {isa = PBXBuildFile; fileRef = 14D3A06C1E7F6B4A00DDE9EA /* ScanViewController.m */; };
		14D3A0701E7F6B8500DDE9EA /* InstructionsViewController.m in Sources */ = {isa = PBXBuildFile; fileRef = 14D3A06F1E7F6B8500DDE9EA /* InstructionsViewController.m */; };
		14D3A0791E7F6CFA00DDE9EA /* HomeTableViewController.m in Sources */ = {isa = PBXBuildFile; fileRef = 14D3A0781E7F6CFA00DDE9EA /* HomeTableViewController.m */; };
		792F6391857EE0AE4308A65C /* Pods_SugoDemo.framework in Frameworks */ = {isa = PBXBuildFile; fileRef = 1A2F8D208B98A9A8B1ABAC18 /* Pods_SugoDemo.framework */; };
		9BF5AB8521E351A4001D0F71 /* Sugo.framework in Frameworks */ = {isa = PBXBuildFile; fileRef = 9BF5AB8421E351A4001D0F71 /* Sugo.framework */; };
		9BF5AB8621E351A4001D0F71 /* Sugo.framework in Embed Frameworks */ = {isa = PBXBuildFile; fileRef = 9BF5AB8421E351A4001D0F71 /* Sugo.framework */; settings = {ATTRIBUTES = (CodeSignOnCopy, RemoveHeadersOnCopy, ); }; };
		A7097E271FDBD51A008EC6F4 /* UICollectionViewViewController.m in Sources */ = {isa = PBXBuildFile; fileRef = A7097E261FDBD51A008EC6F4 /* UICollectionViewViewController.m */; };
/* End PBXBuildFile section */

/* Begin PBXContainerItemProxy section */
		14282F201E1F381C00B3E4FA /* PBXContainerItemProxy */ = {
			isa = PBXContainerItemProxy;
			containerPortal = 141AC78E1E1366DB008D67F6 /* Project object */;
			proxyType = 1;
			remoteGlobalIDString = 141AC7951E1366DB008D67F6;
			remoteInfo = SugoDemo;
		};
/* End PBXContainerItemProxy section */

/* Begin PBXCopyFilesBuildPhase section */
		9BF5AB8721E351A5001D0F71 /* Embed Frameworks */ = {
			isa = PBXCopyFilesBuildPhase;
			buildActionMask = 2147483647;
			dstPath = "";
			dstSubfolderSpec = 10;
			files = (
				9BF5AB8621E351A4001D0F71 /* Sugo.framework in Embed Frameworks */,
			);
			name = "Embed Frameworks";
			runOnlyForDeploymentPostprocessing = 0;
		};
/* End PBXCopyFilesBuildPhase section */

/* Begin PBXFileReference section */
		140CECA21E7FD18A00422EA8 /* NativeTableViewController.h */ = {isa = PBXFileReference; fileEncoding = 4; lastKnownFileType = sourcecode.c.h; path = NativeTableViewController.h; sourceTree = "<group>"; };
		140CECA31E7FD18A00422EA8 /* NativeTableViewController.m */ = {isa = PBXFileReference; fileEncoding = 4; lastKnownFileType = sourcecode.c.objc; path = NativeTableViewController.m; sourceTree = "<group>"; };
		140CECA51E7FD20C00422EA8 /* UIControlViewController.h */ = {isa = PBXFileReference; fileEncoding = 4; lastKnownFileType = sourcecode.c.h; path = UIControlViewController.h; sourceTree = "<group>"; };
		140CECA61E7FD20C00422EA8 /* UIControlViewController.m */ = {isa = PBXFileReference; fileEncoding = 4; lastKnownFileType = sourcecode.c.objc; path = UIControlViewController.m; sourceTree = "<group>"; };
		140CECAB1E7FD37300422EA8 /* UITableViewViewController.h */ = {isa = PBXFileReference; fileEncoding = 4; lastKnownFileType = sourcecode.c.h; path = UITableViewViewController.h; sourceTree = "<group>"; };
		140CECAC1E7FD37300422EA8 /* UITableViewViewController.m */ = {isa = PBXFileReference; fileEncoding = 4; lastKnownFileType = sourcecode.c.objc; path = UITableViewViewController.m; sourceTree = "<group>"; };
		140CECB11E7FD6B100422EA8 /* WebTableViewController.h */ = {isa = PBXFileReference; fileEncoding = 4; lastKnownFileType = sourcecode.c.h; path = WebTableViewController.h; sourceTree = "<group>"; };
		140CECB21E7FD6B100422EA8 /* WebTableViewController.m */ = {isa = PBXFileReference; fileEncoding = 4; lastKnownFileType = sourcecode.c.objc; path = WebTableViewController.m; sourceTree = "<group>"; };
		140CECB41E7FD6DB00422EA8 /* UIWebViewViewController.h */ = {isa = PBXFileReference; fileEncoding = 4; lastKnownFileType = sourcecode.c.h; path = UIWebViewViewController.h; sourceTree = "<group>"; };
		140CECB51E7FD6DB00422EA8 /* UIWebViewViewController.m */ = {isa = PBXFileReference; fileEncoding = 4; lastKnownFileType = sourcecode.c.objc; path = UIWebViewViewController.m; sourceTree = "<group>"; };
		140CECB71E7FD6E600422EA8 /* WKWebViewViewController.h */ = {isa = PBXFileReference; fileEncoding = 4; lastKnownFileType = sourcecode.c.h; path = WKWebViewViewController.h; sourceTree = "<group>"; };
		140CECB81E7FD6E600422EA8 /* WKWebViewViewController.m */ = {isa = PBXFileReference; fileEncoding = 4; lastKnownFileType = sourcecode.c.objc; path = WKWebViewViewController.m; sourceTree = "<group>"; };
		141AC7961E1366DB008D67F6 /* SugoDemo.app */ = {isa = PBXFileReference; explicitFileType = wrapper.application; includeInIndex = 0; path = SugoDemo.app; sourceTree = BUILT_PRODUCTS_DIR; };
		141AC79A1E1366DB008D67F6 /* main.m */ = {isa = PBXFileReference; lastKnownFileType = sourcecode.c.objc; path = main.m; sourceTree = "<group>"; };
		141AC79C1E1366DB008D67F6 /* AppDelegate.h */ = {isa = PBXFileReference; lastKnownFileType = sourcecode.c.h; path = AppDelegate.h; sourceTree = "<group>"; };
		141AC79D1E1366DB008D67F6 /* AppDelegate.m */ = {isa = PBXFileReference; lastKnownFileType = sourcecode.c.objc; path = AppDelegate.m; sourceTree = "<group>"; };
		141AC7A31E1366DB008D67F6 /* Base */ = {isa = PBXFileReference; lastKnownFileType = file.storyboard; name = Base; path = Base.lproj/Main.storyboard; sourceTree = "<group>"; };
		141AC7A51E1366DB008D67F6 /* Assets.xcassets */ = {isa = PBXFileReference; lastKnownFileType = folder.assetcatalog; path = Assets.xcassets; sourceTree = "<group>"; };
		141AC7A81E1366DB008D67F6 /* Base */ = {isa = PBXFileReference; lastKnownFileType = file.storyboard; name = Base; path = Base.lproj/LaunchScreen.storyboard; sourceTree = "<group>"; };
		141AC7AA1E1366DB008D67F6 /* Info.plist */ = {isa = PBXFileReference; lastKnownFileType = text.plist.xml; path = Info.plist; sourceTree = "<group>"; };
		14282F1B1E1F381C00B3E4FA /* SugoDemoTests.xctest */ = {isa = PBXFileReference; explicitFileType = wrapper.cfbundle; includeInIndex = 0; path = SugoDemoTests.xctest; sourceTree = BUILT_PRODUCTS_DIR; };
		14282F1D1E1F381C00B3E4FA /* SugoDemoTests.m */ = {isa = PBXFileReference; lastKnownFileType = sourcecode.c.objc; path = SugoDemoTests.m; sourceTree = "<group>"; };
		14282F1F1E1F381C00B3E4FA /* Info.plist */ = {isa = PBXFileReference; lastKnownFileType = text.plist.xml; path = Info.plist; sourceTree = "<group>"; };
		142D75611E7BCE3B00DB2E00 /* Deprecated.storyboard */ = {isa = PBXFileReference; fileEncoding = 4; lastKnownFileType = file.storyboard; path = Deprecated.storyboard; sourceTree = "<group>"; };
		14776B621E8616F50034ECB7 /* UITextViewViewController.h */ = {isa = PBXFileReference; fileEncoding = 4; lastKnownFileType = sourcecode.c.h; path = UITextViewViewController.h; sourceTree = "<group>"; };
		14776B631E8616F50034ECB7 /* UITextViewViewController.m */ = {isa = PBXFileReference; fileEncoding = 4; lastKnownFileType = sourcecode.c.objc; path = UITextViewViewController.m; sourceTree = "<group>"; };
		14BA1A811E13EC18002F0C4B /* TrackingViewController.h */ = {isa = PBXFileReference; fileEncoding = 4; lastKnownFileType = sourcecode.c.h; path = TrackingViewController.h; sourceTree = "<group>"; };
		14BA1A821E13EC18002F0C4B /* TrackingViewController.m */ = {isa = PBXFileReference; fileEncoding = 4; lastKnownFileType = sourcecode.c.objc; path = TrackingViewController.m; sourceTree = "<group>"; };
		14BA1A841E13EC58002F0C4B /* UtilityViewController.h */ = {isa = PBXFileReference; fileEncoding = 4; lastKnownFileType = sourcecode.c.h; path = UtilityViewController.h; sourceTree = "<group>"; };
		14BA1A851E13EC58002F0C4B /* UtilityViewController.m */ = {isa = PBXFileReference; fileEncoding = 4; lastKnownFileType = sourcecode.c.objc; path = UtilityViewController.m; sourceTree = "<group>"; };
		14BA1A871E13EC7D002F0C4B /* CodelessCommonViewController.h */ = {isa = PBXFileReference; fileEncoding = 4; lastKnownFileType = sourcecode.c.h; path = CodelessCommonViewController.h; sourceTree = "<group>"; };
		14BA1A881E13EC7D002F0C4B /* CodelessCommonViewController.m */ = {isa = PBXFileReference; fileEncoding = 4; lastKnownFileType = sourcecode.c.objc; path = CodelessCommonViewController.m; sourceTree = "<group>"; };
		14BA1A8A1E13EC9B002F0C4B /* UIWebViewController.h */ = {isa = PBXFileReference; fileEncoding = 4; lastKnownFileType = sourcecode.c.h; path = UIWebViewController.h; sourceTree = "<group>"; };
		14BA1A8B1E13EC9B002F0C4B /* UIWebViewController.m */ = {isa = PBXFileReference; fileEncoding = 4; lastKnownFileType = sourcecode.c.objc; path = UIWebViewController.m; sourceTree = "<group>"; };
		14BA1A8D1E13ECAB002F0C4B /* WKWebViewController.h */ = {isa = PBXFileReference; fileEncoding = 4; lastKnownFileType = sourcecode.c.h; path = WKWebViewController.h; sourceTree = "<group>"; };
		14BA1A8E1E13ECAB002F0C4B /* WKWebViewController.m */ = {isa = PBXFileReference; fileEncoding = 4; lastKnownFileType = sourcecode.c.objc; path = WKWebViewController.m; sourceTree = "<group>"; };
		14BA1A901E13ECD7002F0C4B /* ActionCompleteViewController.h */ = {isa = PBXFileReference; fileEncoding = 4; lastKnownFileType = sourcecode.c.h; path = ActionCompleteViewController.h; sourceTree = "<group>"; };
		14BA1A911E13ECD7002F0C4B /* ActionCompleteViewController.m */ = {isa = PBXFileReference; fileEncoding = 4; lastKnownFileType = sourcecode.c.objc; path = ActionCompleteViewController.m; sourceTree = "<group>"; };
		14BACBE01E80D6200048D781 /* SwitchModeViewController.h */ = {isa = PBXFileReference; fileEncoding = 4; lastKnownFileType = sourcecode.c.h; path = SwitchModeViewController.h; sourceTree = "<group>"; };
		14BACBE11E80D6200048D781 /* SwitchModeViewController.m */ = {isa = PBXFileReference; fileEncoding = 4; lastKnownFileType = sourcecode.c.objc; path = SwitchModeViewController.m; sourceTree = "<group>"; };
		14D3A06B1E7F6B4A00DDE9EA /* ScanViewController.h */ = {isa = PBXFileReference; fileEncoding = 4; lastKnownFileType = sourcecode.c.h; path = ScanViewController.h; sourceTree = "<group>"; };
		14D3A06C1E7F6B4A00DDE9EA /* ScanViewController.m */ = {isa = PBXFileReference; fileEncoding = 4; lastKnownFileType = sourcecode.c.objc; path = ScanViewController.m; sourceTree = "<group>"; };
		14D3A06E1E7F6B8500DDE9EA /* InstructionsViewController.h */ = {isa = PBXFileReference; fileEncoding = 4; lastKnownFileType = sourcecode.c.h; path = InstructionsViewController.h; sourceTree = "<group>"; };
		14D3A06F1E7F6B8500DDE9EA /* InstructionsViewController.m */ = {isa = PBXFileReference; fileEncoding = 4; lastKnownFileType = sourcecode.c.objc; path = InstructionsViewController.m; sourceTree = "<group>"; };
		14D3A0771E7F6CFA00DDE9EA /* HomeTableViewController.h */ = {isa = PBXFileReference; fileEncoding = 4; lastKnownFileType = sourcecode.c.h; path = HomeTableViewController.h; sourceTree = "<group>"; };
		14D3A0781E7F6CFA00DDE9EA /* HomeTableViewController.m */ = {isa = PBXFileReference; fileEncoding = 4; lastKnownFileType = sourcecode.c.objc; path = HomeTableViewController.m; sourceTree = "<group>"; };
		1A2F8D208B98A9A8B1ABAC18 /* Pods_SugoDemo.framework */ = {isa = PBXFileReference; explicitFileType = wrapper.framework; includeInIndex = 0; path = Pods_SugoDemo.framework; sourceTree = BUILT_PRODUCTS_DIR; };
		3F50373FF371FBAB25F9FE9C /* Pods-SugoDemo.release.xcconfig */ = {isa = PBXFileReference; includeInIndex = 1; lastKnownFileType = text.xcconfig; name = "Pods-SugoDemo.release.xcconfig"; path = "Target Support Files/Pods-SugoDemo/Pods-SugoDemo.release.xcconfig"; sourceTree = "<group>"; };
		9BF5AB8421E351A4001D0F71 /* Sugo.framework */ = {isa = PBXFileReference; explicitFileType = wrapper.framework; path = Sugo.framework; sourceTree = BUILT_PRODUCTS_DIR; };
		A7097E251FDBD51A008EC6F4 /* UICollectionViewViewController.h */ = {isa = PBXFileReference; lastKnownFileType = sourcecode.c.h; path = UICollectionViewViewController.h; sourceTree = "<group>"; };
		A7097E261FDBD51A008EC6F4 /* UICollectionViewViewController.m */ = {isa = PBXFileReference; lastKnownFileType = sourcecode.c.objc; path = UICollectionViewViewController.m; sourceTree = "<group>"; };
		D36BEAE025849408C114DA27 /* Pods-SugoDemo.debug.xcconfig */ = {isa = PBXFileReference; includeInIndex = 1; lastKnownFileType = text.xcconfig; name = "Pods-SugoDemo.debug.xcconfig"; path = "Target Support Files/Pods-SugoDemo/Pods-SugoDemo.debug.xcconfig"; sourceTree = "<group>"; };
/* End PBXFileReference section */

/* Begin PBXFrameworksBuildPhase section */
		141AC7931E1366DB008D67F6 /* Frameworks */ = {
			isa = PBXFrameworksBuildPhase;
			buildActionMask = 2147483647;
			files = (
				9BF5AB8521E351A4001D0F71 /* Sugo.framework in Frameworks */,
				792F6391857EE0AE4308A65C /* Pods_SugoDemo.framework in Frameworks */,
			);
			runOnlyForDeploymentPostprocessing = 0;
		};
		14282F181E1F381C00B3E4FA /* Frameworks */ = {
			isa = PBXFrameworksBuildPhase;
			buildActionMask = 2147483647;
			files = (
			);
			runOnlyForDeploymentPostprocessing = 0;
		};
/* End PBXFrameworksBuildPhase section */

/* Begin PBXGroup section */
		0B93F367D5716181330AE8E6 /* Pods */ = {
			isa = PBXGroup;
			children = (
				D36BEAE025849408C114DA27 /* Pods-SugoDemo.debug.xcconfig */,
				3F50373FF371FBAB25F9FE9C /* Pods-SugoDemo.release.xcconfig */,
			);
			path = Pods;
			sourceTree = "<group>";
		};
		140CECBA1E7FE67C00422EA8 /* Native */ = {
			isa = PBXGroup;
			children = (
				140CECA21E7FD18A00422EA8 /* NativeTableViewController.h */,
				140CECA31E7FD18A00422EA8 /* NativeTableViewController.m */,
				140CECA51E7FD20C00422EA8 /* UIControlViewController.h */,
				140CECA61E7FD20C00422EA8 /* UIControlViewController.m */,
				14776B621E8616F50034ECB7 /* UITextViewViewController.h */,
				14776B631E8616F50034ECB7 /* UITextViewViewController.m */,
				140CECAB1E7FD37300422EA8 /* UITableViewViewController.h */,
				140CECAC1E7FD37300422EA8 /* UITableViewViewController.m */,
				A7097E251FDBD51A008EC6F4 /* UICollectionViewViewController.h */,
				A7097E261FDBD51A008EC6F4 /* UICollectionViewViewController.m */,
			);
			name = Native;
			sourceTree = "<group>";
		};
		140CECBB1E7FE68500422EA8 /* Web */ = {
			isa = PBXGroup;
			children = (
				140CECB11E7FD6B100422EA8 /* WebTableViewController.h */,
				140CECB21E7FD6B100422EA8 /* WebTableViewController.m */,
				140CECB41E7FD6DB00422EA8 /* UIWebViewViewController.h */,
				140CECB51E7FD6DB00422EA8 /* UIWebViewViewController.m */,
				140CECB71E7FD6E600422EA8 /* WKWebViewViewController.h */,
				140CECB81E7FD6E600422EA8 /* WKWebViewViewController.m */,
			);
			name = Web;
			sourceTree = "<group>";
		};
		140CECBC1E7FE6B000422EA8 /* Scan */ = {
			isa = PBXGroup;
			children = (
				14D3A06B1E7F6B4A00DDE9EA /* ScanViewController.h */,
				14D3A06C1E7F6B4A00DDE9EA /* ScanViewController.m */,
				14BACBE01E80D6200048D781 /* SwitchModeViewController.h */,
				14BACBE11E80D6200048D781 /* SwitchModeViewController.m */,
			);
			name = Scan;
			sourceTree = "<group>";
		};
		141AC78D1E1366DB008D67F6 = {
			isa = PBXGroup;
			children = (
				9BF5AB8421E351A4001D0F71 /* Sugo.framework */,
				141AC7981E1366DB008D67F6 /* SugoDemo */,
				14282F1C1E1F381C00B3E4FA /* SugoDemoTests */,
				141AC7971E1366DB008D67F6 /* Products */,
				14BA1A7B1E13E9F6002F0C4B /* Frameworks */,
				0B93F367D5716181330AE8E6 /* Pods */,
			);
			sourceTree = "<group>";
		};
		141AC7971E1366DB008D67F6 /* Products */ = {
			isa = PBXGroup;
			children = (
				141AC7961E1366DB008D67F6 /* SugoDemo.app */,
				14282F1B1E1F381C00B3E4FA /* SugoDemoTests.xctest */,
			);
			name = Products;
			sourceTree = "<group>";
		};
		141AC7981E1366DB008D67F6 /* SugoDemo */ = {
			isa = PBXGroup;
			children = (
				141AC79C1E1366DB008D67F6 /* AppDelegate.h */,
				141AC79D1E1366DB008D67F6 /* AppDelegate.m */,
				14D3A06A1E7F6B1C00DDE9EA /* Demo */,
				142D755C1E7BC02100DB2E00 /* Deprecated */,
				141AC7A21E1366DB008D67F6 /* Main.storyboard */,
				142D75611E7BCE3B00DB2E00 /* Deprecated.storyboard */,
				141AC7A51E1366DB008D67F6 /* Assets.xcassets */,
				141AC7A71E1366DB008D67F6 /* LaunchScreen.storyboard */,
				141AC7AA1E1366DB008D67F6 /* Info.plist */,
				141AC7991E1366DB008D67F6 /* Supporting Files */,
			);
			path = SugoDemo;
			sourceTree = "<group>";
		};
		141AC7991E1366DB008D67F6 /* Supporting Files */ = {
			isa = PBXGroup;
			children = (
				141AC79A1E1366DB008D67F6 /* main.m */,
			);
			name = "Supporting Files";
			sourceTree = "<group>";
		};
		14282F1C1E1F381C00B3E4FA /* SugoDemoTests */ = {
			isa = PBXGroup;
			children = (
				14282F1D1E1F381C00B3E4FA /* SugoDemoTests.m */,
				14282F1F1E1F381C00B3E4FA /* Info.plist */,
			);
			path = SugoDemoTests;
			sourceTree = "<group>";
		};
		142D755C1E7BC02100DB2E00 /* Deprecated */ = {
			isa = PBXGroup;
			children = (
				14BA1A811E13EC18002F0C4B /* TrackingViewController.h */,
				14BA1A821E13EC18002F0C4B /* TrackingViewController.m */,
				14BA1A841E13EC58002F0C4B /* UtilityViewController.h */,
				14BA1A851E13EC58002F0C4B /* UtilityViewController.m */,
				14BA1A871E13EC7D002F0C4B /* CodelessCommonViewController.h */,
				14BA1A881E13EC7D002F0C4B /* CodelessCommonViewController.m */,
				14BA1A8A1E13EC9B002F0C4B /* UIWebViewController.h */,
				14BA1A8B1E13EC9B002F0C4B /* UIWebViewController.m */,
				14BA1A8D1E13ECAB002F0C4B /* WKWebViewController.h */,
				14BA1A8E1E13ECAB002F0C4B /* WKWebViewController.m */,
				14BA1A901E13ECD7002F0C4B /* ActionCompleteViewController.h */,
				14BA1A911E13ECD7002F0C4B /* ActionCompleteViewController.m */,
			);
			name = Deprecated;
			sourceTree = "<group>";
		};
		14BA1A7B1E13E9F6002F0C4B /* Frameworks */ = {
			isa = PBXGroup;
			children = (
				1A2F8D208B98A9A8B1ABAC18 /* Pods_SugoDemo.framework */,
			);
			name = Frameworks;
			sourceTree = "<group>";
		};
		14D3A06A1E7F6B1C00DDE9EA /* Demo */ = {
			isa = PBXGroup;
			children = (
				14D3A0771E7F6CFA00DDE9EA /* HomeTableViewController.h */,
				14D3A0781E7F6CFA00DDE9EA /* HomeTableViewController.m */,
				14D3A06E1E7F6B8500DDE9EA /* InstructionsViewController.h */,
				14D3A06F1E7F6B8500DDE9EA /* InstructionsViewController.m */,
				140CECBC1E7FE6B000422EA8 /* Scan */,
				140CECBA1E7FE67C00422EA8 /* Native */,
				140CECBB1E7FE68500422EA8 /* Web */,
			);
			name = Demo;
			sourceTree = "<group>";
		};
/* End PBXGroup section */

/* Begin PBXNativeTarget section */
		141AC7951E1366DB008D67F6 /* SugoDemo */ = {
			isa = PBXNativeTarget;
			buildConfigurationList = 141AC7AD1E1366DB008D67F6 /* Build configuration list for PBXNativeTarget "SugoDemo" */;
			buildPhases = (
				46DF1D0E8A5BC9DFFD007DCE /* [CP] Check Pods Manifest.lock */,
				141AC7921E1366DB008D67F6 /* Sources */,
				141AC7931E1366DB008D67F6 /* Frameworks */,
				141AC7941E1366DB008D67F6 /* Resources */,
				9BF5AB8721E351A5001D0F71 /* Embed Frameworks */,
			);
			buildRules = (
			);
			dependencies = (
			);
			name = SugoDemo;
			productName = SugoDemo;
			productReference = 141AC7961E1366DB008D67F6 /* SugoDemo.app */;
			productType = "com.apple.product-type.application";
		};
		14282F1A1E1F381C00B3E4FA /* SugoDemoTests */ = {
			isa = PBXNativeTarget;
			buildConfigurationList = 14282F241E1F381C00B3E4FA /* Build configuration list for PBXNativeTarget "SugoDemoTests" */;
			buildPhases = (
				14282F171E1F381C00B3E4FA /* Sources */,
				14282F181E1F381C00B3E4FA /* Frameworks */,
				14282F191E1F381C00B3E4FA /* Resources */,
			);
			buildRules = (
			);
			dependencies = (
				14282F211E1F381C00B3E4FA /* PBXTargetDependency */,
			);
			name = SugoDemoTests;
			productName = SugoDemoTests;
			productReference = 14282F1B1E1F381C00B3E4FA /* SugoDemoTests.xctest */;
			productType = "com.apple.product-type.bundle.unit-test";
		};
/* End PBXNativeTarget section */

/* Begin PBXProject section */
		141AC78E1E1366DB008D67F6 /* Project object */ = {
			isa = PBXProject;
			attributes = {
				LastUpgradeCheck = 1000;
				ORGANIZATIONNAME = sugo;
				TargetAttributes = {
					141AC7951E1366DB008D67F6 = {
						CreatedOnToolsVersion = 8.2;
						DevelopmentTeam = 5PCYP5P3P9;
						ProvisioningStyle = Automatic;
					};
					14282F1A1E1F381C00B3E4FA = {
						CreatedOnToolsVersion = 8.2.1;
						ProvisioningStyle = Automatic;
						TestTargetID = 141AC7951E1366DB008D67F6;
					};
				};
			};
			buildConfigurationList = 141AC7911E1366DB008D67F6 /* Build configuration list for PBXProject "SugoDemo" */;
			compatibilityVersion = "Xcode 3.2";
			developmentRegion = English;
			hasScannedForEncodings = 0;
			knownRegions = (
				en,
				Base,
			);
			mainGroup = 141AC78D1E1366DB008D67F6;
			productRefGroup = 141AC7971E1366DB008D67F6 /* Products */;
			projectDirPath = "";
			projectRoot = "";
			targets = (
				141AC7951E1366DB008D67F6 /* SugoDemo */,
				14282F1A1E1F381C00B3E4FA /* SugoDemoTests */,
			);
		};
/* End PBXProject section */

/* Begin PBXResourcesBuildPhase section */
		141AC7941E1366DB008D67F6 /* Resources */ = {
			isa = PBXResourcesBuildPhase;
			buildActionMask = 2147483647;
			files = (
				141AC7A91E1366DB008D67F6 /* LaunchScreen.storyboard in Resources */,
				142D75621E7BCE3B00DB2E00 /* Deprecated.storyboard in Resources */,
				141AC7A61E1366DB008D67F6 /* Assets.xcassets in Resources */,
				141AC7A41E1366DB008D67F6 /* Main.storyboard in Resources */,
			);
			runOnlyForDeploymentPostprocessing = 0;
		};
		14282F191E1F381C00B3E4FA /* Resources */ = {
			isa = PBXResourcesBuildPhase;
			buildActionMask = 2147483647;
			files = (
			);
			runOnlyForDeploymentPostprocessing = 0;
		};
/* End PBXResourcesBuildPhase section */

/* Begin PBXShellScriptBuildPhase section */
		46DF1D0E8A5BC9DFFD007DCE /* [CP] Check Pods Manifest.lock */ = {
			isa = PBXShellScriptBuildPhase;
			buildActionMask = 2147483647;
			files = (
			);
			inputFileListPaths = (
			);
			inputPaths = (
				"${PODS_PODFILE_DIR_PATH}/Podfile.lock",
				"${PODS_ROOT}/Manifest.lock",
			);
			name = "[CP] Check Pods Manifest.lock";
			outputFileListPaths = (
			);
			outputPaths = (
				"$(DERIVED_FILE_DIR)/Pods-SugoDemo-checkManifestLockResult.txt",
			);
			runOnlyForDeploymentPostprocessing = 0;
			shellPath = /bin/sh;
			shellScript = "diff \"${PODS_PODFILE_DIR_PATH}/Podfile.lock\" \"${PODS_ROOT}/Manifest.lock\" > /dev/null\nif [ $? != 0 ] ; then\n    # print error to STDERR\n    echo \"error: The sandbox is not in sync with the Podfile.lock. Run 'pod install' or update your CocoaPods installation.\" >&2\n    exit 1\nfi\n# This output is used by Xcode 'outputs' to avoid re-running this script phase.\necho \"SUCCESS\" > \"${SCRIPT_OUTPUT_FILE_0}\"\n";
			showEnvVarsInLog = 0;
		};
/* End PBXShellScriptBuildPhase section */

/* Begin PBXSourcesBuildPhase section */
		141AC7921E1366DB008D67F6 /* Sources */ = {
			isa = PBXSourcesBuildPhase;
			buildActionMask = 2147483647;
			files = (
				141AC79E1E1366DB008D67F6 /* AppDelegate.m in Sources */,
				140CECB31E7FD6B100422EA8 /* WebTableViewController.m in Sources */,
				140CECA71E7FD20C00422EA8 /* UIControlViewController.m in Sources */,
				14D3A0791E7F6CFA00DDE9EA /* HomeTableViewController.m in Sources */,
				14D3A06D1E7F6B4A00DDE9EA /* ScanViewController.m in Sources */,
				140CECB91E7FD6E600422EA8 /* WKWebViewViewController.m in Sources */,
				14BA1A891E13EC7D002F0C4B /* CodelessCommonViewController.m in Sources */,
				14BA1A861E13EC58002F0C4B /* UtilityViewController.m in Sources */,
				140CECAD1E7FD37300422EA8 /* UITableViewViewController.m in Sources */,
				14BACBE21E80D6200048D781 /* SwitchModeViewController.m in Sources */,
				A7097E271FDBD51A008EC6F4 /* UICollectionViewViewController.m in Sources */,
				14776B641E8616F50034ECB7 /* UITextViewViewController.m in Sources */,
				14BA1A8F1E13ECAB002F0C4B /* WKWebViewController.m in Sources */,
				14BA1A8C1E13EC9B002F0C4B /* UIWebViewController.m in Sources */,
				140CECB61E7FD6DB00422EA8 /* UIWebViewViewController.m in Sources */,
				14D3A0701E7F6B8500DDE9EA /* InstructionsViewController.m in Sources */,
				141AC79B1E1366DB008D67F6 /* main.m in Sources */,
				140CECA41E7FD18A00422EA8 /* NativeTableViewController.m in Sources */,
				14BA1A831E13EC18002F0C4B /* TrackingViewController.m in Sources */,
				14BA1A921E13ECD7002F0C4B /* ActionCompleteViewController.m in Sources */,
			);
			runOnlyForDeploymentPostprocessing = 0;
		};
		14282F171E1F381C00B3E4FA /* Sources */ = {
			isa = PBXSourcesBuildPhase;
			buildActionMask = 2147483647;
			files = (
				14282F1E1E1F381C00B3E4FA /* SugoDemoTests.m in Sources */,
			);
			runOnlyForDeploymentPostprocessing = 0;
		};
/* End PBXSourcesBuildPhase section */

/* Begin PBXTargetDependency section */
		14282F211E1F381C00B3E4FA /* PBXTargetDependency */ = {
			isa = PBXTargetDependency;
			target = 141AC7951E1366DB008D67F6 /* SugoDemo */;
			targetProxy = 14282F201E1F381C00B3E4FA /* PBXContainerItemProxy */;
		};
/* End PBXTargetDependency section */

/* Begin PBXVariantGroup section */
		141AC7A21E1366DB008D67F6 /* Main.storyboard */ = {
			isa = PBXVariantGroup;
			children = (
				141AC7A31E1366DB008D67F6 /* Base */,
			);
			name = Main.storyboard;
			sourceTree = "<group>";
		};
		141AC7A71E1366DB008D67F6 /* LaunchScreen.storyboard */ = {
			isa = PBXVariantGroup;
			children = (
				141AC7A81E1366DB008D67F6 /* Base */,
			);
			name = LaunchScreen.storyboard;
			sourceTree = "<group>";
		};
/* End PBXVariantGroup section */

/* Begin XCBuildConfiguration section */
		141AC7AB1E1366DB008D67F6 /* Debug */ = {
			isa = XCBuildConfiguration;
			buildSettings = {
				ALWAYS_SEARCH_USER_PATHS = NO;
				CLANG_ANALYZER_NONNULL = YES;
				CLANG_CXX_LANGUAGE_STANDARD = "gnu++0x";
				CLANG_CXX_LIBRARY = "libc++";
				CLANG_ENABLE_MODULES = YES;
				CLANG_ENABLE_OBJC_ARC = YES;
				CLANG_WARN_BLOCK_CAPTURE_AUTORELEASING = YES;
				CLANG_WARN_BOOL_CONVERSION = YES;
				CLANG_WARN_COMMA = YES;
				CLANG_WARN_CONSTANT_CONVERSION = YES;
				CLANG_WARN_DEPRECATED_OBJC_IMPLEMENTATIONS = YES;
				CLANG_WARN_DIRECT_OBJC_ISA_USAGE = YES_ERROR;
				CLANG_WARN_DOCUMENTATION_COMMENTS = YES;
				CLANG_WARN_EMPTY_BODY = YES;
				CLANG_WARN_ENUM_CONVERSION = YES;
				CLANG_WARN_INFINITE_RECURSION = YES;
				CLANG_WARN_INT_CONVERSION = YES;
				CLANG_WARN_NON_LITERAL_NULL_CONVERSION = YES;
				CLANG_WARN_OBJC_IMPLICIT_RETAIN_SELF = YES;
				CLANG_WARN_OBJC_LITERAL_CONVERSION = YES;
				CLANG_WARN_OBJC_ROOT_CLASS = YES_ERROR;
				CLANG_WARN_RANGE_LOOP_ANALYSIS = YES;
				CLANG_WARN_STRICT_PROTOTYPES = YES;
				CLANG_WARN_SUSPICIOUS_MOVE = YES;
				CLANG_WARN_UNREACHABLE_CODE = YES;
				CLANG_WARN__DUPLICATE_METHOD_MATCH = YES;
				"CODE_SIGN_IDENTITY[sdk=iphoneos*]" = "iPhone Developer";
				COPY_PHASE_STRIP = NO;
				DEBUG_INFORMATION_FORMAT = dwarf;
				ENABLE_STRICT_OBJC_MSGSEND = YES;
				ENABLE_TESTABILITY = YES;
				GCC_C_LANGUAGE_STANDARD = gnu99;
				GCC_DYNAMIC_NO_PIC = NO;
				GCC_NO_COMMON_BLOCKS = YES;
				GCC_OPTIMIZATION_LEVEL = 0;
				GCC_PREPROCESSOR_DEFINITIONS = (
					"DEBUG=1",
					"$(inherited)",
				);
				GCC_WARN_64_TO_32_BIT_CONVERSION = YES;
				GCC_WARN_ABOUT_RETURN_TYPE = YES_ERROR;
				GCC_WARN_UNDECLARED_SELECTOR = YES;
				GCC_WARN_UNINITIALIZED_AUTOS = YES_AGGRESSIVE;
				GCC_WARN_UNUSED_FUNCTION = YES;
				GCC_WARN_UNUSED_VARIABLE = YES;
				IPHONEOS_DEPLOYMENT_TARGET = 8.0;
				MTL_ENABLE_DEBUG_INFO = YES;
				ONLY_ACTIVE_ARCH = YES;
				SDKROOT = iphoneos;
				TARGETED_DEVICE_FAMILY = "1,2";
			};
			name = Debug;
		};
		141AC7AC1E1366DB008D67F6 /* Release */ = {
			isa = XCBuildConfiguration;
			buildSettings = {
				ALWAYS_SEARCH_USER_PATHS = NO;
				CLANG_ANALYZER_NONNULL = YES;
				CLANG_CXX_LANGUAGE_STANDARD = "gnu++0x";
				CLANG_CXX_LIBRARY = "libc++";
				CLANG_ENABLE_MODULES = YES;
				CLANG_ENABLE_OBJC_ARC = YES;
				CLANG_WARN_BLOCK_CAPTURE_AUTORELEASING = YES;
				CLANG_WARN_BOOL_CONVERSION = YES;
				CLANG_WARN_COMMA = YES;
				CLANG_WARN_CONSTANT_CONVERSION = YES;
				CLANG_WARN_DEPRECATED_OBJC_IMPLEMENTATIONS = YES;
				CLANG_WARN_DIRECT_OBJC_ISA_USAGE = YES_ERROR;
				CLANG_WARN_DOCUMENTATION_COMMENTS = YES;
				CLANG_WARN_EMPTY_BODY = YES;
				CLANG_WARN_ENUM_CONVERSION = YES;
				CLANG_WARN_INFINITE_RECURSION = YES;
				CLANG_WARN_INT_CONVERSION = YES;
				CLANG_WARN_NON_LITERAL_NULL_CONVERSION = YES;
				CLANG_WARN_OBJC_IMPLICIT_RETAIN_SELF = YES;
				CLANG_WARN_OBJC_LITERAL_CONVERSION = YES;
				CLANG_WARN_OBJC_ROOT_CLASS = YES_ERROR;
				CLANG_WARN_RANGE_LOOP_ANALYSIS = YES;
				CLANG_WARN_STRICT_PROTOTYPES = YES;
				CLANG_WARN_SUSPICIOUS_MOVE = YES;
				CLANG_WARN_UNREACHABLE_CODE = YES;
				CLANG_WARN__DUPLICATE_METHOD_MATCH = YES;
				"CODE_SIGN_IDENTITY[sdk=iphoneos*]" = "iPhone Developer";
				COPY_PHASE_STRIP = NO;
				DEBUG_INFORMATION_FORMAT = "dwarf-with-dsym";
				ENABLE_NS_ASSERTIONS = NO;
				ENABLE_STRICT_OBJC_MSGSEND = YES;
				GCC_C_LANGUAGE_STANDARD = gnu99;
				GCC_NO_COMMON_BLOCKS = YES;
				GCC_WARN_64_TO_32_BIT_CONVERSION = YES;
				GCC_WARN_ABOUT_RETURN_TYPE = YES_ERROR;
				GCC_WARN_UNDECLARED_SELECTOR = YES;
				GCC_WARN_UNINITIALIZED_AUTOS = YES_AGGRESSIVE;
				GCC_WARN_UNUSED_FUNCTION = YES;
				GCC_WARN_UNUSED_VARIABLE = YES;
				IPHONEOS_DEPLOYMENT_TARGET = 8.0;
				MTL_ENABLE_DEBUG_INFO = NO;
				SDKROOT = iphoneos;
				TARGETED_DEVICE_FAMILY = "1,2";
				VALIDATE_PRODUCT = YES;
			};
			name = Release;
		};
		141AC7AE1E1366DB008D67F6 /* Debug */ = {
			isa = XCBuildConfiguration;
			baseConfigurationReference = D36BEAE025849408C114DA27 /* Pods-SugoDemo.debug.xcconfig */;
			buildSettings = {
				ASSETCATALOG_COMPILER_APPICON_NAME = AppIcon;
				DEVELOPMENT_TEAM = 5PCYP5P3P9;
				INFOPLIST_FILE = SugoDemo/Info.plist;
				LD_RUNPATH_SEARCH_PATHS = "$(inherited) @executable_path/Frameworks";
				PRODUCT_BUNDLE_IDENTIFIER = io.sugo.SugoDemo22333;
				PRODUCT_NAME = "$(TARGET_NAME)";
			};
			name = Debug;
		};
		141AC7AF1E1366DB008D67F6 /* Release */ = {
			isa = XCBuildConfiguration;
			baseConfigurationReference = 3F50373FF371FBAB25F9FE9C /* Pods-SugoDemo.release.xcconfig */;
			buildSettings = {
				ASSETCATALOG_COMPILER_APPICON_NAME = AppIcon;
				DEVELOPMENT_TEAM = 5PCYP5P3P9;
				INFOPLIST_FILE = SugoDemo/Info.plist;
				LD_RUNPATH_SEARCH_PATHS = "$(inherited) @executable_path/Frameworks";
				PRODUCT_BUNDLE_IDENTIFIER = io.sugo.SugoDemo22333;
				PRODUCT_NAME = "$(TARGET_NAME)";
			};
			name = Release;
		};
		14282F221E1F381C00B3E4FA /* Debug */ = {
			isa = XCBuildConfiguration;
			buildSettings = {
				BUNDLE_LOADER = "$(TEST_HOST)";
				INFOPLIST_FILE = SugoDemoTests/Info.plist;
				IPHONEOS_DEPLOYMENT_TARGET = 10.2;
				LD_RUNPATH_SEARCH_PATHS = "$(inherited) @executable_path/Frameworks @loader_path/Frameworks";
				PRODUCT_BUNDLE_IDENTIFIER = io.sugo.SugoDemoTests;
				PRODUCT_NAME = "$(TARGET_NAME)";
				TEST_HOST = "$(BUILT_PRODUCTS_DIR)/SugoDemo.app/SugoDemo";
			};
			name = Debug;
		};
		14282F231E1F381C00B3E4FA /* Release */ = {
			isa = XCBuildConfiguration;
			buildSettings = {
				BUNDLE_LOADER = "$(TEST_HOST)";
				INFOPLIST_FILE = SugoDemoTests/Info.plist;
				IPHONEOS_DEPLOYMENT_TARGET = 10.2;
				LD_RUNPATH_SEARCH_PATHS = "$(inherited) @executable_path/Frameworks @loader_path/Frameworks";
				PRODUCT_BUNDLE_IDENTIFIER = io.sugo.SugoDemoTests;
				PRODUCT_NAME = "$(TARGET_NAME)";
				TEST_HOST = "$(BUILT_PRODUCTS_DIR)/SugoDemo.app/SugoDemo";
			};
			name = Release;
		};
/* End XCBuildConfiguration section */

/* Begin XCConfigurationList section */
		141AC7911E1366DB008D67F6 /* Build configuration list for PBXProject "SugoDemo" */ = {
			isa = XCConfigurationList;
			buildConfigurations = (
				141AC7AB1E1366DB008D67F6 /* Debug */,
				141AC7AC1E1366DB008D67F6 /* Release */,
			);
			defaultConfigurationIsVisible = 0;
			defaultConfigurationName = Release;
		};
		141AC7AD1E1366DB008D67F6 /* Build configuration list for PBXNativeTarget "SugoDemo" */ = {
			isa = XCConfigurationList;
			buildConfigurations = (
				141AC7AE1E1366DB008D67F6 /* Debug */,
				141AC7AF1E1366DB008D67F6 /* Release */,
			);
			defaultConfigurationIsVisible = 0;
			defaultConfigurationName = Release;
		};
		14282F241E1F381C00B3E4FA /* Build configuration list for PBXNativeTarget "SugoDemoTests" */ = {
			isa = XCConfigurationList;
			buildConfigurations = (
				14282F221E1F381C00B3E4FA /* Debug */,
				14282F231E1F381C00B3E4FA /* Release */,
			);
			defaultConfigurationIsVisible = 0;
			defaultConfigurationName = Release;
		};
/* End XCConfigurationList section */
	};
	rootObject = 141AC78E1E1366DB008D67F6 /* Project object */;
}
